
Microsoft Visual Studio Solution File, Format Version 12.00
# Visual Studio 2012
Project("{FAE04EC0-301F-11D3-BF4B-00C04F79EFBC}") = "CSharpCpu", "CSharpCpu\CSharpCpu.csproj", "{2ED8FB95-3C19-40AD-B05E-E677970EC6BD}"
EndProject
Project("{FAE04EC0-301F-11D3-BF4B-00C04F79EFBC}") = "SafeILGenerator", "..\..\SafeILGenerator\SafeILGenerator\SafeILGenerator.csproj", "{9A93C7E4-09DA-46CF-B7DD-6BB09681D5AB}"
EndProject
Project("{FAE04EC0-301F-11D3-BF4B-00C04F79EFBC}") = "CSharpCpu.Tests", "CSharpCpu.Tests\CSharpCpu.Tests.csproj", "{FF01B4F5-6DE3-41D6-89C9-6AFF051C3D62}"
EndProject
Global
	GlobalSection(SolutionConfigurationPlatforms) = preSolution
		Debug|Any CPU = Debug|Any CPU
		Release|Any CPU = Release|Any CPU
		Trace|Any CPU = Trace|Any CPU
	EndGlobalSection
	GlobalSection(ProjectConfigurationPlatforms) = postSolution
		{2ED8FB95-3C19-40AD-B05E-E677970EC6BD}.Debug|Any CPU.ActiveCfg = Debug|Any CPU
		{2ED8FB95-3C19-40AD-B05E-E677970EC6BD}.Debug|Any CPU.Build.0 = Debug|Any CPU
		{2ED8FB95-3C19-40AD-B05E-E677970EC6BD}.Release|Any CPU.ActiveCfg = Release|Any CPU
		{2ED8FB95-3C19-40AD-B05E-E677970EC6BD}.Release|Any CPU.Build.0 = Release|Any CPU
		{2ED8FB95-3C19-40AD-B05E-E677970EC6BD}.Trace|Any CPU.ActiveCfg = Release|Any CPU
		{2ED8FB95-3C19-40AD-B05E-E677970EC6BD}.Trace|Any CPU.Build.0 = Release|Any CPU
		{9A93C7E4-09DA-46CF-B7DD-6BB09681D5AB}.Debug|Any CPU.ActiveCfg = Debug|Any CPU
		{9A93C7E4-09DA-46CF-B7DD-6BB09681D5AB}.Debug|Any CPU.Build.0 = Debug|Any CPU
		{9A93C7E4-09DA-46CF-B7DD-6BB09681D5AB}.Release|Any CPU.ActiveCfg = Release|Any CPU
		{9A93C7E4-09DA-46CF-B7DD-6BB09681D5AB}.Release|Any CPU.Build.0 = Release|Any CPU
		{9A93C7E4-09DA-46CF-B7DD-6BB09681D5AB}.Trace|Any CPU.ActiveCfg = Trace|Any CPU
		{9A93C7E4-09DA-46CF-B7DD-6BB09681D5AB}.Trace|Any CPU.Build.0 = Trace|Any CPU
		{FF01B4F5-6DE3-41D6-89C9-6AFF051C3D62}.Debug|Any CPU.ActiveCfg = Debug|Any CPU
		{FF01B4F5-6DE3-41D6-89C9-6AFF051C3D62}.Debug|Any CPU.Build.0 = Debug|Any CPU
		{FF01B4F5-6DE3-41D6-89C9-6AFF051C3D62}.Release|Any CPU.ActiveCfg = Release|Any CPU
		{FF01B4F5-6DE3-41D6-89C9-6AFF051C3D62}.Release|Any CPU.Build.0 = Release|Any CPU
		{FF01B4F5-6DE3-41D6-89C9-6AFF051C3D62}.Trace|Any CPU.ActiveCfg = Release|Any CPU
		{FF01B4F5-6DE3-41D6-89C9-6AFF051C3D62}.Trace|Any CPU.Build.0 = Release|Any CPU
	EndGlobalSection
	GlobalSection(SolutionProperties) = preSolution
		HideSolutionNode = FALSE
	EndGlobalSection
EndGlobal
