
Microsoft Visual Studio Solution File, Format Version 12.00
# Visual Studio 2012
Project("{FAE04EC0-301F-11D3-BF4B-00C04F79EFBC}") = "CSharpCpu", "CSharpCpu\CSharpCpu.csproj", "{2ED8FB95-3C19-40AD-B05E-E677970EC6BD}"
EndProject
Project("{FAE04EC0-301F-11D3-BF4B-00C04F79EFBC}") = "SafeILGenerator", "..\..\SafeILGenerator\SafeILGenerator\SafeILGenerator.csproj", "{9A93C7E4-09DA-46CF-B7DD-6BB09681D5AB}"
EndProject
Project("{FAE04EC0-301F-11D3-BF4B-00C04F79EFBC}") = "CSharpCpu.Tests", "CSharpCpu.Tests\CSharpCpu.Tests.csproj", "{FF01B4F5-6DE3-41D6-89C9-6AFF051C3D62}"
EndProject
Project("{FAE04EC0-301F-11D3-BF4B-00C04F79EFBC}") = "CSharpCpu.Chip8", "CSharpCpu.Chip8\CSharpCpu.Chip8.csproj", "{78624E92-999F-498F-83F8-FC250D673427}"
EndProject
Project("{FAE04EC0-301F-11D3-BF4B-00C04F79EFBC}") = "CSharpCpu.Z80", "CSharpCpu.Z80\CSharpCpu.Z80.csproj", "{836CAB8A-C0BC-4FC4-9AA8-5D3A877A662C}"
EndProject
Project("{2150E333-8FDC-42A3-9474-1A3956D46DE8}") = "Libs", "Libs", "{60FE9C6E-C663-4FF6-922A-3DD403D301E1}"
EndProject
Project("{2150E333-8FDC-42A3-9474-1A3956D46DE8}") = "Tests", "Tests", "{894A3673-3662-4293-96E4-4CFA4FB27896}"
EndProject
Project("{2150E333-8FDC-42A3-9474-1A3956D46DE8}") = "@Source", "@Source", "{10B2BEF1-C485-491D-A5D3-CF02DCACE051}"
EndProject
Global
	GlobalSection(SolutionConfigurationPlatforms) = preSolution
		Debug|Any CPU = Debug|Any CPU
		Release|Any CPU = Release|Any CPU
		Trace|Any CPU = Trace|Any CPU
	EndGlobalSection
	GlobalSection(ProjectConfigurationPlatforms) = postSolution
		{2ED8FB95-3C19-40AD-B05E-E677970EC6BD}.Debug|Any CPU.ActiveCfg = Debug|Any CPU
		{2ED8FB95-3C19-40AD-B05E-E677970EC6BD}.Debug|Any CPU.Build.0 = Debug|Any CPU
		{2ED8FB95-3C19-40AD-B05E-E677970EC6BD}.Release|Any CPU.ActiveCfg = Release|Any CPU
		{2ED8FB95-3C19-40AD-B05E-E677970EC6BD}.Release|Any CPU.Build.0 = Release|Any CPU
		{2ED8FB95-3C19-40AD-B05E-E677970EC6BD}.Trace|Any CPU.ActiveCfg = Release|Any CPU
		{2ED8FB95-3C19-40AD-B05E-E677970EC6BD}.Trace|Any CPU.Build.0 = Release|Any CPU
		{9A93C7E4-09DA-46CF-B7DD-6BB09681D5AB}.Debug|Any CPU.ActiveCfg = Debug|Any CPU
		{9A93C7E4-09DA-46CF-B7DD-6BB09681D5AB}.Debug|Any CPU.Build.0 = Debug|Any CPU
		{9A93C7E4-09DA-46CF-B7DD-6BB09681D5AB}.Release|Any CPU.ActiveCfg = Release|Any CPU
		{9A93C7E4-09DA-46CF-B7DD-6BB09681D5AB}.Release|Any CPU.Build.0 = Release|Any CPU
		{9A93C7E4-09DA-46CF-B7DD-6BB09681D5AB}.Trace|Any CPU.ActiveCfg = Trace|Any CPU
		{9A93C7E4-09DA-46CF-B7DD-6BB09681D5AB}.Trace|Any CPU.Build.0 = Trace|Any CPU
		{FF01B4F5-6DE3-41D6-89C9-6AFF051C3D62}.Debug|Any CPU.ActiveCfg = Debug|Any CPU
		{FF01B4F5-6DE3-41D6-89C9-6AFF051C3D62}.Debug|Any CPU.Build.0 = Debug|Any CPU
		{FF01B4F5-6DE3-41D6-89C9-6AFF051C3D62}.Release|Any CPU.ActiveCfg = Release|Any CPU
		{FF01B4F5-6DE3-41D6-89C9-6AFF051C3D62}.Release|Any CPU.Build.0 = Release|Any CPU
		{FF01B4F5-6DE3-41D6-89C9-6AFF051C3D62}.Trace|Any CPU.ActiveCfg = Release|Any CPU
		{FF01B4F5-6DE3-41D6-89C9-6AFF051C3D62}.Trace|Any CPU.Build.0 = Release|Any CPU
		{78624E92-999F-498F-83F8-FC250D673427}.Debug|Any CPU.ActiveCfg = Debug|Any CPU
		{78624E92-999F-498F-83F8-FC250D673427}.Debug|Any CPU.Build.0 = Debug|Any CPU
		{78624E92-999F-498F-83F8-FC250D673427}.Release|Any CPU.ActiveCfg = Release|Any CPU
		{78624E92-999F-498F-83F8-FC250D673427}.Release|Any CPU.Build.0 = Release|Any CPU
		{78624E92-999F-498F-83F8-FC250D673427}.Trace|Any CPU.ActiveCfg = Release|Any CPU
		{78624E92-999F-498F-83F8-FC250D673427}.Trace|Any CPU.Build.0 = Release|Any CPU
		{836CAB8A-C0BC-4FC4-9AA8-5D3A877A662C}.Debug|Any CPU.ActiveCfg = Debug|Any CPU
		{836CAB8A-C0BC-4FC4-9AA8-5D3A877A662C}.Debug|Any CPU.Build.0 = Debug|Any CPU
		{836CAB8A-C0BC-4FC4-9AA8-5D3A877A662C}.Release|Any CPU.ActiveCfg = Release|Any CPU
		{836CAB8A-C0BC-4FC4-9AA8-5D3A877A662C}.Release|Any CPU.Build.0 = Release|Any CPU
		{836CAB8A-C0BC-4FC4-9AA8-5D3A877A662C}.Trace|Any CPU.ActiveCfg = Release|Any CPU
		{836CAB8A-C0BC-4FC4-9AA8-5D3A877A662C}.Trace|Any CPU.Build.0 = Release|Any CPU
	EndGlobalSection
	GlobalSection(SolutionProperties) = preSolution
		HideSolutionNode = FALSE
	EndGlobalSection
	GlobalSection(NestedProjects) = preSolution
		{9A93C7E4-09DA-46CF-B7DD-6BB09681D5AB} = {60FE9C6E-C663-4FF6-922A-3DD403D301E1}
		{FF01B4F5-6DE3-41D6-89C9-6AFF051C3D62} = {894A3673-3662-4293-96E4-4CFA4FB27896}
		{2ED8FB95-3C19-40AD-B05E-E677970EC6BD} = {10B2BEF1-C485-491D-A5D3-CF02DCACE051}
		{78624E92-999F-498F-83F8-FC250D673427} = {10B2BEF1-C485-491D-A5D3-CF02DCACE051}
		{836CAB8A-C0BC-4FC4-9AA8-5D3A877A662C} = {10B2BEF1-C485-491D-A5D3-CF02DCACE051}
	EndGlobalSection
EndGlobal
